// !$*UTF8*$!
{
	archiveVersion = 1;
	classes = {
	};
	objectVersion = 51;
	objects = {

/* Begin PBXBuildFile section */
		21039FFFFC72BCEAFC9E20C4 /* Pods_ViperStudyCaseUITests.framework in Frameworks */ = {isa = PBXBuildFile; fileRef = 7F03C534FB157D0DA1FFCB99 /* Pods_ViperStudyCaseUITests.framework */; };
		840247F522A305B400DF2A7B /* AppDependencies.swift in Sources */ = {isa = PBXBuildFile; fileRef = 840247F422A305B400DF2A7B /* AppDependencies.swift */; };
		840247FB22A31CEE00DF2A7B /* AppStartupRouter.swift in Sources */ = {isa = PBXBuildFile; fileRef = 840247FA22A31CEE00DF2A7B /* AppStartupRouter.swift */; };
		840247FD22A31D8600DF2A7B /* ListToDoItemsModuleAssembler.swift in Sources */ = {isa = PBXBuildFile; fileRef = 840247FC22A31D8600DF2A7B /* ListToDoItemsModuleAssembler.swift */; };
		8402480122A31E4C00DF2A7B /* ToDoItem.swift in Sources */ = {isa = PBXBuildFile; fileRef = 8402480022A31E4C00DF2A7B /* ToDoItem.swift */; };
		8402480322A31F0600DF2A7B /* ListToDoItemsPresenter.swift in Sources */ = {isa = PBXBuildFile; fileRef = 8402480222A31F0600DF2A7B /* ListToDoItemsPresenter.swift */; };
		8402480522A322C700DF2A7B /* ListToDoItemsRouter.swift in Sources */ = {isa = PBXBuildFile; fileRef = 8402480422A322C700DF2A7B /* ListToDoItemsRouter.swift */; };
		8402480722A32F9700DF2A7B /* AddToDoItemViewController.swift in Sources */ = {isa = PBXBuildFile; fileRef = 8402480622A32F9700DF2A7B /* AddToDoItemViewController.swift */; };
		8402480922A3FE1600DF2A7B /* AddToDoItemPresenter.swift in Sources */ = {isa = PBXBuildFile; fileRef = 8402480822A3FE1600DF2A7B /* AddToDoItemPresenter.swift */; };
		8402480B22A3FFAC00DF2A7B /* AddToDoItemRouter.swift in Sources */ = {isa = PBXBuildFile; fileRef = 8402480A22A3FFAC00DF2A7B /* AddToDoItemRouter.swift */; };
		8402480D22A401B100DF2A7B /* AddToDoItemAssembler.swift in Sources */ = {isa = PBXBuildFile; fileRef = 8402480C22A401B100DF2A7B /* AddToDoItemAssembler.swift */; };
		8402480F22A42AE400DF2A7B /* AddToDoItemIteractor.swift in Sources */ = {isa = PBXBuildFile; fileRef = 8402480E22A42AE400DF2A7B /* AddToDoItemIteractor.swift */; };
		8402481122A42B0F00DF2A7B /* ApplicationErrorType.swift in Sources */ = {isa = PBXBuildFile; fileRef = 8402481022A42B0F00DF2A7B /* ApplicationErrorType.swift */; };
		9DE242630C20B96EC28B0D4E /* Pods_ViperStudyCase.framework in Frameworks */ = {isa = PBXBuildFile; fileRef = FEE30856229812FC00D38EF8 /* Pods_ViperStudyCase.framework */; };
		AEEEF79DC251A68938E853F9 /* Pods_ViperStudyCaseTests.framework in Frameworks */ = {isa = PBXBuildFile; fileRef = BB82A716F141C6D45BE05E4B /* Pods_ViperStudyCaseTests.framework */; };
		FE4ABF652296DB1A00B1F781 /* AppDelegate.swift in Sources */ = {isa = PBXBuildFile; fileRef = FE4ABF642296DB1A00B1F781 /* AppDelegate.swift */; };
		FE4ABF672296DB1A00B1F781 /* ListToDoItemsViewController.swift in Sources */ = {isa = PBXBuildFile; fileRef = FE4ABF662296DB1A00B1F781 /* ListToDoItemsViewController.swift */; };
		FE4ABF6C2296DB1B00B1F781 /* Assets.xcassets in Resources */ = {isa = PBXBuildFile; fileRef = FE4ABF6B2296DB1B00B1F781 /* Assets.xcassets */; };
		FE4ABF6F2296DB1B00B1F781 /* LaunchScreen.storyboard in Resources */ = {isa = PBXBuildFile; fileRef = FE4ABF6D2296DB1B00B1F781 /* LaunchScreen.storyboard */; };
		FE4ABF7A2296DB1B00B1F781 /* ViperStudyCaseTests.swift in Sources */ = {isa = PBXBuildFile; fileRef = FE4ABF792296DB1B00B1F781 /* ViperStudyCaseTests.swift */; };
		FE4ABF852296DB1B00B1F781 /* ViperStudyCaseUITests.swift in Sources */ = {isa = PBXBuildFile; fileRef = FE4ABF842296DB1B00B1F781 /* ViperStudyCaseUITests.swift */; };
		FED21D8622A9AD7D0023CFF6 /* GenericApplicationError.swift in Sources */ = {isa = PBXBuildFile; fileRef = FED21D8522A9AD7D0023CFF6 /* GenericApplicationError.swift */; };
		FED21D8822A9B2040023CFF6 /* Error+ApplicationErrorType.swift in Sources */ = {isa = PBXBuildFile; fileRef = FED21D8722A9B2040023CFF6 /* Error+ApplicationErrorType.swift */; };
		FED21D8B22A9B2570023CFF6 /* ToDoItemWorker.swift in Sources */ = {isa = PBXBuildFile; fileRef = FED21D8A22A9B2570023CFF6 /* ToDoItemWorker.swift */; };
/* End PBXBuildFile section */

/* Begin PBXContainerItemProxy section */
		FE4ABF762296DB1B00B1F781 /* PBXContainerItemProxy */ = {
			isa = PBXContainerItemProxy;
			containerPortal = FE4ABF592296DB1A00B1F781 /* Project object */;
			proxyType = 1;
			remoteGlobalIDString = FE4ABF602296DB1A00B1F781;
			remoteInfo = ViperStudyCase;
		};
		FE4ABF812296DB1B00B1F781 /* PBXContainerItemProxy */ = {
			isa = PBXContainerItemProxy;
			containerPortal = FE4ABF592296DB1A00B1F781 /* Project object */;
			proxyType = 1;
			remoteGlobalIDString = FE4ABF602296DB1A00B1F781;
			remoteInfo = ViperStudyCase;
		};
/* End PBXContainerItemProxy section */

/* Begin PBXFileReference section */
		21AF98AE4CA462087AD3A54C /* Pods-ViperStudyCaseTests.debug.xcconfig */ = {isa = PBXFileReference; includeInIndex = 1; lastKnownFileType = text.xcconfig; name = "Pods-ViperStudyCaseTests.debug.xcconfig"; path = "Target Support Files/Pods-ViperStudyCaseTests/Pods-ViperStudyCaseTests.debug.xcconfig"; sourceTree = "<group>"; };
		38443867FFF7AC45276A9B93 /* Pods-ViperStudyCase.debug.xcconfig */ = {isa = PBXFileReference; includeInIndex = 1; lastKnownFileType = text.xcconfig; name = "Pods-ViperStudyCase.debug.xcconfig"; path = "Target Support Files/Pods-ViperStudyCase/Pods-ViperStudyCase.debug.xcconfig"; sourceTree = "<group>"; };
		57FE9E2EB6BE7BFDECD77881 /* Pods-ViperStudyCaseUITests.release.xcconfig */ = {isa = PBXFileReference; includeInIndex = 1; lastKnownFileType = text.xcconfig; name = "Pods-ViperStudyCaseUITests.release.xcconfig"; path = "Target Support Files/Pods-ViperStudyCaseUITests/Pods-ViperStudyCaseUITests.release.xcconfig"; sourceTree = "<group>"; };
		6D4888A03101AB1791FE538E /* Pods-ViperStudyCaseTests.release.xcconfig */ = {isa = PBXFileReference; includeInIndex = 1; lastKnownFileType = text.xcconfig; name = "Pods-ViperStudyCaseTests.release.xcconfig"; path = "Target Support Files/Pods-ViperStudyCaseTests/Pods-ViperStudyCaseTests.release.xcconfig"; sourceTree = "<group>"; };
		7F03C534FB157D0DA1FFCB99 /* Pods_ViperStudyCaseUITests.framework */ = {isa = PBXFileReference; explicitFileType = wrapper.framework; includeInIndex = 0; path = Pods_ViperStudyCaseUITests.framework; sourceTree = BUILT_PRODUCTS_DIR; };
		840247F422A305B400DF2A7B /* AppDependencies.swift */ = {isa = PBXFileReference; lastKnownFileType = sourcecode.swift; path = AppDependencies.swift; sourceTree = "<group>"; };
		840247FA22A31CEE00DF2A7B /* AppStartupRouter.swift */ = {isa = PBXFileReference; lastKnownFileType = sourcecode.swift; path = AppStartupRouter.swift; sourceTree = "<group>"; };
		840247FC22A31D8600DF2A7B /* ListToDoItemsModuleAssembler.swift */ = {isa = PBXFileReference; lastKnownFileType = sourcecode.swift; path = ListToDoItemsModuleAssembler.swift; sourceTree = "<group>"; };
		8402480022A31E4C00DF2A7B /* ToDoItem.swift */ = {isa = PBXFileReference; lastKnownFileType = sourcecode.swift; path = ToDoItem.swift; sourceTree = "<group>"; };
		8402480222A31F0600DF2A7B /* ListToDoItemsPresenter.swift */ = {isa = PBXFileReference; lastKnownFileType = sourcecode.swift; path = ListToDoItemsPresenter.swift; sourceTree = "<group>"; };
		8402480422A322C700DF2A7B /* ListToDoItemsRouter.swift */ = {isa = PBXFileReference; lastKnownFileType = sourcecode.swift; path = ListToDoItemsRouter.swift; sourceTree = "<group>"; };
		8402480622A32F9700DF2A7B /* AddToDoItemViewController.swift */ = {isa = PBXFileReference; lastKnownFileType = sourcecode.swift; path = AddToDoItemViewController.swift; sourceTree = "<group>"; };
		8402480822A3FE1600DF2A7B /* AddToDoItemPresenter.swift */ = {isa = PBXFileReference; lastKnownFileType = sourcecode.swift; path = AddToDoItemPresenter.swift; sourceTree = "<group>"; };
		8402480A22A3FFAC00DF2A7B /* AddToDoItemRouter.swift */ = {isa = PBXFileReference; lastKnownFileType = sourcecode.swift; path = AddToDoItemRouter.swift; sourceTree = "<group>"; };
		8402480C22A401B100DF2A7B /* AddToDoItemAssembler.swift */ = {isa = PBXFileReference; lastKnownFileType = sourcecode.swift; path = AddToDoItemAssembler.swift; sourceTree = "<group>"; };
		8402480E22A42AE400DF2A7B /* AddToDoItemIteractor.swift */ = {isa = PBXFileReference; lastKnownFileType = sourcecode.swift; path = AddToDoItemIteractor.swift; sourceTree = "<group>"; };
		8402481022A42B0F00DF2A7B /* ApplicationErrorType.swift */ = {isa = PBXFileReference; lastKnownFileType = sourcecode.swift; path = ApplicationErrorType.swift; sourceTree = "<group>"; };
		A258AAD90EDE348FB12182CF /* Pods_ViperStudyCase.framework */ = {isa = PBXFileReference; explicitFileType = wrapper.framework; includeInIndex = 0; path = Pods_ViperStudyCase.framework; sourceTree = BUILT_PRODUCTS_DIR; };
		A8A7E3872B330EB971DBE6FC /* Pods-ViperStudyCase.release.xcconfig */ = {isa = PBXFileReference; includeInIndex = 1; lastKnownFileType = text.xcconfig; name = "Pods-ViperStudyCase.release.xcconfig"; path = "Target Support Files/Pods-ViperStudyCase/Pods-ViperStudyCase.release.xcconfig"; sourceTree = "<group>"; };
		BB82A716F141C6D45BE05E4B /* Pods_ViperStudyCaseTests.framework */ = {isa = PBXFileReference; explicitFileType = wrapper.framework; includeInIndex = 0; path = Pods_ViperStudyCaseTests.framework; sourceTree = BUILT_PRODUCTS_DIR; };
		EEBAC6D2E9AF3315015FAE2E /* Pods-ViperStudyCaseUITests.debug.xcconfig */ = {isa = PBXFileReference; includeInIndex = 1; lastKnownFileType = text.xcconfig; name = "Pods-ViperStudyCaseUITests.debug.xcconfig"; path = "Target Support Files/Pods-ViperStudyCaseUITests/Pods-ViperStudyCaseUITests.debug.xcconfig"; sourceTree = "<group>"; };
		FE4ABF612296DB1A00B1F781 /* ViperStudyCase.app */ = {isa = PBXFileReference; explicitFileType = wrapper.application; includeInIndex = 0; path = ViperStudyCase.app; sourceTree = BUILT_PRODUCTS_DIR; };
		FE4ABF642296DB1A00B1F781 /* AppDelegate.swift */ = {isa = PBXFileReference; lastKnownFileType = sourcecode.swift; path = AppDelegate.swift; sourceTree = "<group>"; };
		FE4ABF662296DB1A00B1F781 /* ListToDoItemsViewController.swift */ = {isa = PBXFileReference; lastKnownFileType = sourcecode.swift; path = ListToDoItemsViewController.swift; sourceTree = "<group>"; };
		FE4ABF6B2296DB1B00B1F781 /* Assets.xcassets */ = {isa = PBXFileReference; lastKnownFileType = folder.assetcatalog; path = Assets.xcassets; sourceTree = "<group>"; };
		FE4ABF6E2296DB1B00B1F781 /* Base */ = {isa = PBXFileReference; lastKnownFileType = file.storyboard; name = Base; path = Base.lproj/LaunchScreen.storyboard; sourceTree = "<group>"; };
		FE4ABF702296DB1B00B1F781 /* Info.plist */ = {isa = PBXFileReference; lastKnownFileType = text.plist.xml; path = Info.plist; sourceTree = "<group>"; };
		FE4ABF752296DB1B00B1F781 /* ViperStudyCaseTests.xctest */ = {isa = PBXFileReference; explicitFileType = wrapper.cfbundle; includeInIndex = 0; path = ViperStudyCaseTests.xctest; sourceTree = BUILT_PRODUCTS_DIR; };
		FE4ABF792296DB1B00B1F781 /* ViperStudyCaseTests.swift */ = {isa = PBXFileReference; lastKnownFileType = sourcecode.swift; path = ViperStudyCaseTests.swift; sourceTree = "<group>"; };
		FE4ABF7B2296DB1B00B1F781 /* Info.plist */ = {isa = PBXFileReference; lastKnownFileType = text.plist.xml; path = Info.plist; sourceTree = "<group>"; };
		FE4ABF802296DB1B00B1F781 /* ViperStudyCaseUITests.xctest */ = {isa = PBXFileReference; explicitFileType = wrapper.cfbundle; includeInIndex = 0; path = ViperStudyCaseUITests.xctest; sourceTree = BUILT_PRODUCTS_DIR; };
		FE4ABF842296DB1B00B1F781 /* ViperStudyCaseUITests.swift */ = {isa = PBXFileReference; lastKnownFileType = sourcecode.swift; path = ViperStudyCaseUITests.swift; sourceTree = "<group>"; };
		FE4ABF862296DB1B00B1F781 /* Info.plist */ = {isa = PBXFileReference; lastKnownFileType = text.plist.xml; path = Info.plist; sourceTree = "<group>"; };
		FED21D8522A9AD7D0023CFF6 /* GenericApplicationError.swift */ = {isa = PBXFileReference; lastKnownFileType = sourcecode.swift; path = GenericApplicationError.swift; sourceTree = "<group>"; };
		FED21D8722A9B2040023CFF6 /* Error+ApplicationErrorType.swift */ = {isa = PBXFileReference; lastKnownFileType = sourcecode.swift; path = "Error+ApplicationErrorType.swift"; sourceTree = "<group>"; };
		FED21D8A22A9B2570023CFF6 /* ToDoItemWorker.swift */ = {isa = PBXFileReference; lastKnownFileType = sourcecode.swift; path = ToDoItemWorker.swift; sourceTree = "<group>"; };
		FEE30856229812FC00D38EF8 /* Pods_ViperStudyCase.framework */ = {isa = PBXFileReference; explicitFileType = wrapper.framework; path = Pods_ViperStudyCase.framework; sourceTree = BUILT_PRODUCTS_DIR; };
		FEE308582298144700D38EF8 /* SnapKit.framework */ = {isa = PBXFileReference; explicitFileType = wrapper.framework; path = SnapKit.framework; sourceTree = BUILT_PRODUCTS_DIR; };
/* End PBXFileReference section */

/* Begin PBXFrameworksBuildPhase section */
		FE4ABF5E2296DB1A00B1F781 /* Frameworks */ = {
			isa = PBXFrameworksBuildPhase;
			buildActionMask = 2147483647;
			files = (
				9DE242630C20B96EC28B0D4E /* Pods_ViperStudyCase.framework in Frameworks */,
			);
			runOnlyForDeploymentPostprocessing = 0;
		};
		FE4ABF722296DB1B00B1F781 /* Frameworks */ = {
			isa = PBXFrameworksBuildPhase;
			buildActionMask = 2147483647;
			files = (
				AEEEF79DC251A68938E853F9 /* Pods_ViperStudyCaseTests.framework in Frameworks */,
			);
			runOnlyForDeploymentPostprocessing = 0;
		};
		FE4ABF7D2296DB1B00B1F781 /* Frameworks */ = {
			isa = PBXFrameworksBuildPhase;
			buildActionMask = 2147483647;
			files = (
				21039FFFFC72BCEAFC9E20C4 /* Pods_ViperStudyCaseUITests.framework in Frameworks */,
			);
			runOnlyForDeploymentPostprocessing = 0;
		};
/* End PBXFrameworksBuildPhase section */

/* Begin PBXGroup section */
		1C4326AC8926BA5264317E46 /* Frameworks */ = {
			isa = PBXGroup;
			children = (
				FEE308582298144700D38EF8 /* SnapKit.framework */,
				FEE30856229812FC00D38EF8 /* Pods_ViperStudyCase.framework */,
				A258AAD90EDE348FB12182CF /* Pods_ViperStudyCase.framework */,
				BB82A716F141C6D45BE05E4B /* Pods_ViperStudyCaseTests.framework */,
				7F03C534FB157D0DA1FFCB99 /* Pods_ViperStudyCaseUITests.framework */,
			);
			name = Frameworks;
			sourceTree = "<group>";
		};
		840247F622A3076E00DF2A7B /* Modules */ = {
			isa = PBXGroup;
			children = (
				840247F722A307E200DF2A7B /* ListToDoItems */,
				840247F922A3084D00DF2A7B /* Edit */,
				840247F822A307FE00DF2A7B /* Add */,
			);
			path = Modules;
			sourceTree = "<group>";
		};
		840247F722A307E200DF2A7B /* ListToDoItems */ = {
			isa = PBXGroup;
			children = (
				840247FC22A31D8600DF2A7B /* ListToDoItemsModuleAssembler.swift */,
				FE4ABF662296DB1A00B1F781 /* ListToDoItemsViewController.swift */,
				8402480222A31F0600DF2A7B /* ListToDoItemsPresenter.swift */,
				8402480422A322C700DF2A7B /* ListToDoItemsRouter.swift */,
			);
			path = ListToDoItems;
			sourceTree = "<group>";
		};
		840247F822A307FE00DF2A7B /* Add */ = {
			isa = PBXGroup;
			children = (
				8402480C22A401B100DF2A7B /* AddToDoItemAssembler.swift */,
				8402480622A32F9700DF2A7B /* AddToDoItemViewController.swift */,
				8402480E22A42AE400DF2A7B /* AddToDoItemIteractor.swift */,
				8402480822A3FE1600DF2A7B /* AddToDoItemPresenter.swift */,
				8402480A22A3FFAC00DF2A7B /* AddToDoItemRouter.swift */,
				FED21D8A22A9B2570023CFF6 /* ToDoItemWorker.swift */,
			);
			path = Add;
			sourceTree = "<group>";
		};
		840247F922A3084D00DF2A7B /* Edit */ = {
			isa = PBXGroup;
			children = (
			);
			path = Edit;
			sourceTree = "<group>";
		};
		840247FE22A31E2C00DF2A7B /* Comum */ = {
			isa = PBXGroup;
			children = (
				8402481222A43E0C00DF2A7B /* Errors */,
				840247FF22A31E3A00DF2A7B /* Model */,
			);
			path = Comum;
			sourceTree = "<group>";
		};
		840247FF22A31E3A00DF2A7B /* Model */ = {
			isa = PBXGroup;
			children = (
				8402480022A31E4C00DF2A7B /* ToDoItem.swift */,
			);
			path = Model;
			sourceTree = "<group>";
		};
		8402481222A43E0C00DF2A7B /* Errors */ = {
			isa = PBXGroup;
			children = (
				8402481022A42B0F00DF2A7B /* ApplicationErrorType.swift */,
				FED21D8522A9AD7D0023CFF6 /* GenericApplicationError.swift */,
				FED21D8722A9B2040023CFF6 /* Error+ApplicationErrorType.swift */,
			);
			name = Errors;
			path = ../Errors;
			sourceTree = "<group>";
		};
		AEE62BB50ED54E97351F45A4 /* Pods */ = {
			isa = PBXGroup;
			children = (
				38443867FFF7AC45276A9B93 /* Pods-ViperStudyCase.debug.xcconfig */,
				A8A7E3872B330EB971DBE6FC /* Pods-ViperStudyCase.release.xcconfig */,
				21AF98AE4CA462087AD3A54C /* Pods-ViperStudyCaseTests.debug.xcconfig */,
				6D4888A03101AB1791FE538E /* Pods-ViperStudyCaseTests.release.xcconfig */,
				EEBAC6D2E9AF3315015FAE2E /* Pods-ViperStudyCaseUITests.debug.xcconfig */,
				57FE9E2EB6BE7BFDECD77881 /* Pods-ViperStudyCaseUITests.release.xcconfig */,
			);
			path = Pods;
			sourceTree = "<group>";
		};
		FE4ABF582296DB1A00B1F781 = {
			isa = PBXGroup;
			children = (
				FE4ABF632296DB1A00B1F781 /* ViperStudyCase */,
				FE4ABF782296DB1B00B1F781 /* ViperStudyCaseTests */,
				FE4ABF832296DB1B00B1F781 /* ViperStudyCaseUITests */,
				FE4ABF622296DB1A00B1F781 /* Products */,
				AEE62BB50ED54E97351F45A4 /* Pods */,
				1C4326AC8926BA5264317E46 /* Frameworks */,
			);
			sourceTree = "<group>";
		};
		FE4ABF622296DB1A00B1F781 /* Products */ = {
			isa = PBXGroup;
			children = (
				FE4ABF612296DB1A00B1F781 /* ViperStudyCase.app */,
				FE4ABF752296DB1B00B1F781 /* ViperStudyCaseTests.xctest */,
				FE4ABF802296DB1B00B1F781 /* ViperStudyCaseUITests.xctest */,
			);
			name = Products;
			sourceTree = "<group>";
		};
		FE4ABF632296DB1A00B1F781 /* ViperStudyCase */ = {
			isa = PBXGroup;
			children = (
				840247FE22A31E2C00DF2A7B /* Comum */,
				840247F622A3076E00DF2A7B /* Modules */,
				FE4ABF642296DB1A00B1F781 /* AppDelegate.swift */,
				840247FA22A31CEE00DF2A7B /* AppStartupRouter.swift */,
				840247F422A305B400DF2A7B /* AppDependencies.swift */,
				FE4ABF6B2296DB1B00B1F781 /* Assets.xcassets */,
				FE4ABF6D2296DB1B00B1F781 /* LaunchScreen.storyboard */,
				FE4ABF702296DB1B00B1F781 /* Info.plist */,
			);
			path = ViperStudyCase;
			sourceTree = "<group>";
		};
		FE4ABF782296DB1B00B1F781 /* ViperStudyCaseTests */ = {
			isa = PBXGroup;
			children = (
				FE4ABF792296DB1B00B1F781 /* ViperStudyCaseTests.swift */,
				FE4ABF7B2296DB1B00B1F781 /* Info.plist */,
			);
			path = ViperStudyCaseTests;
			sourceTree = "<group>";
		};
		FE4ABF832296DB1B00B1F781 /* ViperStudyCaseUITests */ = {
			isa = PBXGroup;
			children = (
				FE4ABF842296DB1B00B1F781 /* ViperStudyCaseUITests.swift */,
				FE4ABF862296DB1B00B1F781 /* Info.plist */,
			);
			path = ViperStudyCaseUITests;
			sourceTree = "<group>";
		};
/* End PBXGroup section */

/* Begin PBXNativeTarget section */
		FE4ABF602296DB1A00B1F781 /* ViperStudyCase */ = {
			isa = PBXNativeTarget;
			buildConfigurationList = FE4ABF892296DB1B00B1F781 /* Build configuration list for PBXNativeTarget "ViperStudyCase" */;
			buildPhases = (
				B21FD04A2C4DA437F03E51A0 /* [CP] Check Pods Manifest.lock */,
				FE4ABF5D2296DB1A00B1F781 /* Sources */,
				FE4ABF5E2296DB1A00B1F781 /* Frameworks */,
				FE4ABF5F2296DB1A00B1F781 /* Resources */,
				9D200835BF967EA8E359263C /* [CP] Embed Pods Frameworks */,
			);
			buildRules = (
			);
			dependencies = (
			);
			name = ViperStudyCase;
			productName = ViperStudyCase;
			productReference = FE4ABF612296DB1A00B1F781 /* ViperStudyCase.app */;
			productType = "com.apple.product-type.application";
		};
		FE4ABF742296DB1B00B1F781 /* ViperStudyCaseTests */ = {
			isa = PBXNativeTarget;
			buildConfigurationList = FE4ABF8C2296DB1B00B1F781 /* Build configuration list for PBXNativeTarget "ViperStudyCaseTests" */;
			buildPhases = (
				78A104D91BA0B1069FC4260F /* [CP] Check Pods Manifest.lock */,
				FE4ABF712296DB1B00B1F781 /* Sources */,
				FE4ABF722296DB1B00B1F781 /* Frameworks */,
				FE4ABF732296DB1B00B1F781 /* Resources */,
			);
			buildRules = (
			);
			dependencies = (
				FE4ABF772296DB1B00B1F781 /* PBXTargetDependency */,
			);
			name = ViperStudyCaseTests;
			productName = ViperStudyCaseTests;
			productReference = FE4ABF752296DB1B00B1F781 /* ViperStudyCaseTests.xctest */;
			productType = "com.apple.product-type.bundle.unit-test";
		};
		FE4ABF7F2296DB1B00B1F781 /* ViperStudyCaseUITests */ = {
			isa = PBXNativeTarget;
			buildConfigurationList = FE4ABF8F2296DB1B00B1F781 /* Build configuration list for PBXNativeTarget "ViperStudyCaseUITests" */;
			buildPhases = (
				546980D6D0E5179D85C7A7A0 /* [CP] Check Pods Manifest.lock */,
				FE4ABF7C2296DB1B00B1F781 /* Sources */,
				FE4ABF7D2296DB1B00B1F781 /* Frameworks */,
				FE4ABF7E2296DB1B00B1F781 /* Resources */,
			);
			buildRules = (
			);
			dependencies = (
				FE4ABF822296DB1B00B1F781 /* PBXTargetDependency */,
			);
			name = ViperStudyCaseUITests;
			productName = ViperStudyCaseUITests;
			productReference = FE4ABF802296DB1B00B1F781 /* ViperStudyCaseUITests.xctest */;
			productType = "com.apple.product-type.bundle.ui-testing";
		};
/* End PBXNativeTarget section */

/* Begin PBXProject section */
		FE4ABF592296DB1A00B1F781 /* Project object */ = {
			isa = PBXProject;
			attributes = {
				LastSwiftUpdateCheck = 1020;
				LastUpgradeCheck = 1020;
				ORGANIZATIONNAME = rov;
				TargetAttributes = {
					FE4ABF602296DB1A00B1F781 = {
						CreatedOnToolsVersion = 10.2.1;
					};
					FE4ABF742296DB1B00B1F781 = {
						CreatedOnToolsVersion = 10.2.1;
						TestTargetID = FE4ABF602296DB1A00B1F781;
					};
					FE4ABF7F2296DB1B00B1F781 = {
						CreatedOnToolsVersion = 10.2.1;
						TestTargetID = FE4ABF602296DB1A00B1F781;
					};
				};
			};
			buildConfigurationList = FE4ABF5C2296DB1A00B1F781 /* Build configuration list for PBXProject "ViperStudyCase" */;
			compatibilityVersion = "Xcode 9.3";
			developmentRegion = en;
			hasScannedForEncodings = 0;
			knownRegions = (
				en,
				Base,
			);
			mainGroup = FE4ABF582296DB1A00B1F781;
			productRefGroup = FE4ABF622296DB1A00B1F781 /* Products */;
			projectDirPath = "";
			projectRoot = "";
			targets = (
				FE4ABF602296DB1A00B1F781 /* ViperStudyCase */,
				FE4ABF742296DB1B00B1F781 /* ViperStudyCaseTests */,
				FE4ABF7F2296DB1B00B1F781 /* ViperStudyCaseUITests */,
			);
		};
/* End PBXProject section */

/* Begin PBXResourcesBuildPhase section */
		FE4ABF5F2296DB1A00B1F781 /* Resources */ = {
			isa = PBXResourcesBuildPhase;
			buildActionMask = 2147483647;
			files = (
				FE4ABF6F2296DB1B00B1F781 /* LaunchScreen.storyboard in Resources */,
				FE4ABF6C2296DB1B00B1F781 /* Assets.xcassets in Resources */,
			);
			runOnlyForDeploymentPostprocessing = 0;
		};
		FE4ABF732296DB1B00B1F781 /* Resources */ = {
			isa = PBXResourcesBuildPhase;
			buildActionMask = 2147483647;
			files = (
			);
			runOnlyForDeploymentPostprocessing = 0;
		};
		FE4ABF7E2296DB1B00B1F781 /* Resources */ = {
			isa = PBXResourcesBuildPhase;
			buildActionMask = 2147483647;
			files = (
			);
			runOnlyForDeploymentPostprocessing = 0;
		};
/* End PBXResourcesBuildPhase section */

/* Begin PBXShellScriptBuildPhase section */
		546980D6D0E5179D85C7A7A0 /* [CP] Check Pods Manifest.lock */ = {
			isa = PBXShellScriptBuildPhase;
			buildActionMask = 2147483647;
			files = (
			);
			inputFileListPaths = (
			);
			inputPaths = (
				"${PODS_PODFILE_DIR_PATH}/Podfile.lock",
				"${PODS_ROOT}/Manifest.lock",
			);
			name = "[CP] Check Pods Manifest.lock";
			outputFileListPaths = (
			);
			outputPaths = (
				"$(DERIVED_FILE_DIR)/Pods-ViperStudyCaseUITests-checkManifestLockResult.txt",
			);
			runOnlyForDeploymentPostprocessing = 0;
			shellPath = /bin/sh;
			shellScript = "diff \"${PODS_PODFILE_DIR_PATH}/Podfile.lock\" \"${PODS_ROOT}/Manifest.lock\" > /dev/null\nif [ $? != 0 ] ; then\n    # print error to STDERR\n    echo \"error: The sandbox is not in sync with the Podfile.lock. Run 'pod install' or update your CocoaPods installation.\" >&2\n    exit 1\nfi\n# This output is used by Xcode 'outputs' to avoid re-running this script phase.\necho \"SUCCESS\" > \"${SCRIPT_OUTPUT_FILE_0}\"\n";
			showEnvVarsInLog = 0;
		};
		78A104D91BA0B1069FC4260F /* [CP] Check Pods Manifest.lock */ = {
			isa = PBXShellScriptBuildPhase;
			buildActionMask = 2147483647;
			files = (
			);
			inputFileListPaths = (
			);
			inputPaths = (
				"${PODS_PODFILE_DIR_PATH}/Podfile.lock",
				"${PODS_ROOT}/Manifest.lock",
			);
			name = "[CP] Check Pods Manifest.lock";
			outputFileListPaths = (
			);
			outputPaths = (
				"$(DERIVED_FILE_DIR)/Pods-ViperStudyCaseTests-checkManifestLockResult.txt",
			);
			runOnlyForDeploymentPostprocessing = 0;
			shellPath = /bin/sh;
			shellScript = "diff \"${PODS_PODFILE_DIR_PATH}/Podfile.lock\" \"${PODS_ROOT}/Manifest.lock\" > /dev/null\nif [ $? != 0 ] ; then\n    # print error to STDERR\n    echo \"error: The sandbox is not in sync with the Podfile.lock. Run 'pod install' or update your CocoaPods installation.\" >&2\n    exit 1\nfi\n# This output is used by Xcode 'outputs' to avoid re-running this script phase.\necho \"SUCCESS\" > \"${SCRIPT_OUTPUT_FILE_0}\"\n";
			showEnvVarsInLog = 0;
		};
		9D200835BF967EA8E359263C /* [CP] Embed Pods Frameworks */ = {
			isa = PBXShellScriptBuildPhase;
			buildActionMask = 2147483647;
			files = (
			);
			inputFileListPaths = (
				"${PODS_ROOT}/Target Support Files/Pods-ViperStudyCase/Pods-ViperStudyCase-frameworks-${CONFIGURATION}-input-files.xcfilelist",
			);
			name = "[CP] Embed Pods Frameworks";
			outputFileListPaths = (
				"${PODS_ROOT}/Target Support Files/Pods-ViperStudyCase/Pods-ViperStudyCase-frameworks-${CONFIGURATION}-output-files.xcfilelist",
			);
			runOnlyForDeploymentPostprocessing = 0;
			shellPath = /bin/sh;
			shellScript = "\"${PODS_ROOT}/Target Support Files/Pods-ViperStudyCase/Pods-ViperStudyCase-frameworks.sh\"\n";
			showEnvVarsInLog = 0;
		};
		B21FD04A2C4DA437F03E51A0 /* [CP] Check Pods Manifest.lock */ = {
			isa = PBXShellScriptBuildPhase;
			buildActionMask = 2147483647;
			files = (
			);
			inputFileListPaths = (
			);
			inputPaths = (
				"${PODS_PODFILE_DIR_PATH}/Podfile.lock",
				"${PODS_ROOT}/Manifest.lock",
			);
			name = "[CP] Check Pods Manifest.lock";
			outputFileListPaths = (
			);
			outputPaths = (
				"$(DERIVED_FILE_DIR)/Pods-ViperStudyCase-checkManifestLockResult.txt",
			);
			runOnlyForDeploymentPostprocessing = 0;
			shellPath = /bin/sh;
			shellScript = "diff \"${PODS_PODFILE_DIR_PATH}/Podfile.lock\" \"${PODS_ROOT}/Manifest.lock\" > /dev/null\nif [ $? != 0 ] ; then\n    # print error to STDERR\n    echo \"error: The sandbox is not in sync with the Podfile.lock. Run 'pod install' or update your CocoaPods installation.\" >&2\n    exit 1\nfi\n# This output is used by Xcode 'outputs' to avoid re-running this script phase.\necho \"SUCCESS\" > \"${SCRIPT_OUTPUT_FILE_0}\"\n";
			showEnvVarsInLog = 0;
		};
/* End PBXShellScriptBuildPhase section */

/* Begin PBXSourcesBuildPhase section */
		FE4ABF5D2296DB1A00B1F781 /* Sources */ = {
			isa = PBXSourcesBuildPhase;
			buildActionMask = 2147483647;
			files = (
				FED21D8822A9B2040023CFF6 /* Error+ApplicationErrorType.swift in Sources */,
				FED21D8B22A9B2570023CFF6 /* ToDoItemWorker.swift in Sources */,
				840247F522A305B400DF2A7B /* AppDependencies.swift in Sources */,
				8402480522A322C700DF2A7B /* ListToDoItemsRouter.swift in Sources */,
				FE4ABF672296DB1A00B1F781 /* ListToDoItemsViewController.swift in Sources */,
				8402480122A31E4C00DF2A7B /* ToDoItem.swift in Sources */,
				8402480722A32F9700DF2A7B /* AddToDoItemViewController.swift in Sources */,
				8402480D22A401B100DF2A7B /* AddToDoItemAssembler.swift in Sources */,
				840247FB22A31CEE00DF2A7B /* AppStartupRouter.swift in Sources */,
				840247FD22A31D8600DF2A7B /* ListToDoItemsModuleAssembler.swift in Sources */,
				8402480B22A3FFAC00DF2A7B /* AddToDoItemRouter.swift in Sources */,
				FED21D8622A9AD7D0023CFF6 /* GenericApplicationError.swift in Sources */,
				FE4ABF652296DB1A00B1F781 /* AppDelegate.swift in Sources */,
				8402480322A31F0600DF2A7B /* ListToDoItemsPresenter.swift in Sources */,
				8402481122A42B0F00DF2A7B /* ApplicationErrorType.swift in Sources */,
				8402480922A3FE1600DF2A7B /* AddToDoItemPresenter.swift in Sources */,
				8402480F22A42AE400DF2A7B /* AddToDoItemIteractor.swift in Sources */,
			);
			runOnlyForDeploymentPostprocessing = 0;
		};
		FE4ABF712296DB1B00B1F781 /* Sources */ = {
			isa = PBXSourcesBuildPhase;
			buildActionMask = 2147483647;
			files = (
				FE4ABF7A2296DB1B00B1F781 /* ViperStudyCaseTests.swift in Sources */,
			);
			runOnlyForDeploymentPostprocessing = 0;
		};
		FE4ABF7C2296DB1B00B1F781 /* Sources */ = {
			isa = PBXSourcesBuildPhase;
			buildActionMask = 2147483647;
			files = (
				FE4ABF852296DB1B00B1F781 /* ViperStudyCaseUITests.swift in Sources */,
			);
			runOnlyForDeploymentPostprocessing = 0;
		};
/* End PBXSourcesBuildPhase section */

/* Begin PBXTargetDependency section */
		FE4ABF772296DB1B00B1F781 /* PBXTargetDependency */ = {
			isa = PBXTargetDependency;
			target = FE4ABF602296DB1A00B1F781 /* ViperStudyCase */;
			targetProxy = FE4ABF762296DB1B00B1F781 /* PBXContainerItemProxy */;
		};
		FE4ABF822296DB1B00B1F781 /* PBXTargetDependency */ = {
			isa = PBXTargetDependency;
			target = FE4ABF602296DB1A00B1F781 /* ViperStudyCase */;
			targetProxy = FE4ABF812296DB1B00B1F781 /* PBXContainerItemProxy */;
		};
/* End PBXTargetDependency section */

/* Begin PBXVariantGroup section */
		FE4ABF6D2296DB1B00B1F781 /* LaunchScreen.storyboard */ = {
			isa = PBXVariantGroup;
			children = (
				FE4ABF6E2296DB1B00B1F781 /* Base */,
			);
			name = LaunchScreen.storyboard;
			sourceTree = "<group>";
		};
/* End PBXVariantGroup section */

/* Begin XCBuildConfiguration section */
		FE4ABF872296DB1B00B1F781 /* Debug */ = {
			isa = XCBuildConfiguration;
			buildSettings = {
				ALWAYS_SEARCH_USER_PATHS = NO;
				CLANG_ANALYZER_NONNULL = YES;
				CLANG_ANALYZER_NUMBER_OBJECT_CONVERSION = YES_AGGRESSIVE;
				CLANG_CXX_LANGUAGE_STANDARD = "gnu++14";
				CLANG_CXX_LIBRARY = "libc++";
				CLANG_ENABLE_MODULES = YES;
				CLANG_ENABLE_OBJC_ARC = YES;
				CLANG_ENABLE_OBJC_WEAK = YES;
				CLANG_WARN_BLOCK_CAPTURE_AUTORELEASING = YES;
				CLANG_WARN_BOOL_CONVERSION = YES;
				CLANG_WARN_COMMA = YES;
				CLANG_WARN_CONSTANT_CONVERSION = YES;
				CLANG_WARN_DEPRECATED_OBJC_IMPLEMENTATIONS = YES;
				CLANG_WARN_DIRECT_OBJC_ISA_USAGE = YES_ERROR;
				CLANG_WARN_DOCUMENTATION_COMMENTS = YES;
				CLANG_WARN_EMPTY_BODY = YES;
				CLANG_WARN_ENUM_CONVERSION = YES;
				CLANG_WARN_INFINITE_RECURSION = YES;
				CLANG_WARN_INT_CONVERSION = YES;
				CLANG_WARN_NON_LITERAL_NULL_CONVERSION = YES;
				CLANG_WARN_OBJC_IMPLICIT_RETAIN_SELF = YES;
				CLANG_WARN_OBJC_LITERAL_CONVERSION = YES;
				CLANG_WARN_OBJC_ROOT_CLASS = YES_ERROR;
				CLANG_WARN_RANGE_LOOP_ANALYSIS = YES;
				CLANG_WARN_STRICT_PROTOTYPES = YES;
				CLANG_WARN_SUSPICIOUS_MOVE = YES;
				CLANG_WARN_UNGUARDED_AVAILABILITY = YES_AGGRESSIVE;
				CLANG_WARN_UNREACHABLE_CODE = YES;
				CLANG_WARN__DUPLICATE_METHOD_MATCH = YES;
				CODE_SIGN_IDENTITY = "iPhone Developer";
				COPY_PHASE_STRIP = NO;
				DEBUG_INFORMATION_FORMAT = dwarf;
				ENABLE_STRICT_OBJC_MSGSEND = YES;
				ENABLE_TESTABILITY = YES;
				GCC_C_LANGUAGE_STANDARD = gnu11;
				GCC_DYNAMIC_NO_PIC = NO;
				GCC_NO_COMMON_BLOCKS = YES;
				GCC_OPTIMIZATION_LEVEL = 0;
				GCC_PREPROCESSOR_DEFINITIONS = (
					"DEBUG=1",
					"$(inherited)",
				);
				GCC_WARN_64_TO_32_BIT_CONVERSION = YES;
				GCC_WARN_ABOUT_RETURN_TYPE = YES_ERROR;
				GCC_WARN_UNDECLARED_SELECTOR = YES;
				GCC_WARN_UNINITIALIZED_AUTOS = YES_AGGRESSIVE;
				GCC_WARN_UNUSED_FUNCTION = YES;
				GCC_WARN_UNUSED_VARIABLE = YES;
				IPHONEOS_DEPLOYMENT_TARGET = 12.2;
				MTL_ENABLE_DEBUG_INFO = INCLUDE_SOURCE;
				MTL_FAST_MATH = YES;
				ONLY_ACTIVE_ARCH = YES;
				SDKROOT = iphoneos;
				SWIFT_ACTIVE_COMPILATION_CONDITIONS = DEBUG;
				SWIFT_OPTIMIZATION_LEVEL = "-Onone";
				SWIFT_VERSION = 5.0;
			};
			name = Debug;
		};
		FE4ABF882296DB1B00B1F781 /* Release */ = {
			isa = XCBuildConfiguration;
			buildSettings = {
				ALWAYS_SEARCH_USER_PATHS = NO;
				CLANG_ANALYZER_NONNULL = YES;
				CLANG_ANALYZER_NUMBER_OBJECT_CONVERSION = YES_AGGRESSIVE;
				CLANG_CXX_LANGUAGE_STANDARD = "gnu++14";
				CLANG_CXX_LIBRARY = "libc++";
				CLANG_ENABLE_MODULES = YES;
				CLANG_ENABLE_OBJC_ARC = YES;
				CLANG_ENABLE_OBJC_WEAK = YES;
				CLANG_WARN_BLOCK_CAPTURE_AUTORELEASING = YES;
				CLANG_WARN_BOOL_CONVERSION = YES;
				CLANG_WARN_COMMA = YES;
				CLANG_WARN_CONSTANT_CONVERSION = YES;
				CLANG_WARN_DEPRECATED_OBJC_IMPLEMENTATIONS = YES;
				CLANG_WARN_DIRECT_OBJC_ISA_USAGE = YES_ERROR;
				CLANG_WARN_DOCUMENTATION_COMMENTS = YES;
				CLANG_WARN_EMPTY_BODY = YES;
				CLANG_WARN_ENUM_CONVERSION = YES;
				CLANG_WARN_INFINITE_RECURSION = YES;
				CLANG_WARN_INT_CONVERSION = YES;
				CLANG_WARN_NON_LITERAL_NULL_CONVERSION = YES;
				CLANG_WARN_OBJC_IMPLICIT_RETAIN_SELF = YES;
				CLANG_WARN_OBJC_LITERAL_CONVERSION = YES;
				CLANG_WARN_OBJC_ROOT_CLASS = YES_ERROR;
				CLANG_WARN_RANGE_LOOP_ANALYSIS = YES;
				CLANG_WARN_STRICT_PROTOTYPES = YES;
				CLANG_WARN_SUSPICIOUS_MOVE = YES;
				CLANG_WARN_UNGUARDED_AVAILABILITY = YES_AGGRESSIVE;
				CLANG_WARN_UNREACHABLE_CODE = YES;
				CLANG_WARN__DUPLICATE_METHOD_MATCH = YES;
				CODE_SIGN_IDENTITY = "iPhone Developer";
				COPY_PHASE_STRIP = NO;
				DEBUG_INFORMATION_FORMAT = "dwarf-with-dsym";
				ENABLE_NS_ASSERTIONS = NO;
				ENABLE_STRICT_OBJC_MSGSEND = YES;
				GCC_C_LANGUAGE_STANDARD = gnu11;
				GCC_NO_COMMON_BLOCKS = YES;
				GCC_WARN_64_TO_32_BIT_CONVERSION = YES;
				GCC_WARN_ABOUT_RETURN_TYPE = YES_ERROR;
				GCC_WARN_UNDECLARED_SELECTOR = YES;
				GCC_WARN_UNINITIALIZED_AUTOS = YES_AGGRESSIVE;
				GCC_WARN_UNUSED_FUNCTION = YES;
				GCC_WARN_UNUSED_VARIABLE = YES;
				IPHONEOS_DEPLOYMENT_TARGET = 12.2;
				MTL_ENABLE_DEBUG_INFO = NO;
				MTL_FAST_MATH = YES;
				SDKROOT = iphoneos;
				SWIFT_COMPILATION_MODE = wholemodule;
				SWIFT_OPTIMIZATION_LEVEL = "-O";
				SWIFT_VERSION = 5.0;
				VALIDATE_PRODUCT = YES;
			};
			name = Release;
		};
		FE4ABF8A2296DB1B00B1F781 /* Debug */ = {
			isa = XCBuildConfiguration;
			baseConfigurationReference = 38443867FFF7AC45276A9B93 /* Pods-ViperStudyCase.debug.xcconfig */;
			buildSettings = {
				ASSETCATALOG_COMPILER_APPICON_NAME = AppIcon;
				CODE_SIGN_STYLE = Automatic;
				DEVELOPMENT_TEAM = RVC6T4M2H3;
				INFOPLIST_FILE = ViperStudyCase/Info.plist;
				LD_RUNPATH_SEARCH_PATHS = (
					"$(inherited)",
					"@executable_path/Frameworks",
				);
				PRODUCT_BUNDLE_IDENTIFIER = rov.ViperStudyCase;
				PRODUCT_NAME = "$(TARGET_NAME)";
				SWIFT_VERSION = 5.0;
				TARGETED_DEVICE_FAMILY = "1,2";
			};
			name = Debug;
		};
		FE4ABF8B2296DB1B00B1F781 /* Release */ = {
			isa = XCBuildConfiguration;
			baseConfigurationReference = A8A7E3872B330EB971DBE6FC /* Pods-ViperStudyCase.release.xcconfig */;
			buildSettings = {
				ASSETCATALOG_COMPILER_APPICON_NAME = AppIcon;
				CODE_SIGN_STYLE = Automatic;
				DEVELOPMENT_TEAM = RVC6T4M2H3;
				INFOPLIST_FILE = ViperStudyCase/Info.plist;
				LD_RUNPATH_SEARCH_PATHS = (
					"$(inherited)",
					"@executable_path/Frameworks",
				);
				PRODUCT_BUNDLE_IDENTIFIER = rov.ViperStudyCase;
				PRODUCT_NAME = "$(TARGET_NAME)";
				SWIFT_VERSION = 5.0;
				TARGETED_DEVICE_FAMILY = "1,2";
			};
			name = Release;
		};
		FE4ABF8D2296DB1B00B1F781 /* Debug */ = {
			isa = XCBuildConfiguration;
			baseConfigurationReference = 21AF98AE4CA462087AD3A54C /* Pods-ViperStudyCaseTests.debug.xcconfig */;
			buildSettings = {
				ALWAYS_EMBED_SWIFT_STANDARD_LIBRARIES = YES;
				BUNDLE_LOADER = "$(TEST_HOST)";
				CODE_SIGN_STYLE = Automatic;
				INFOPLIST_FILE = ViperStudyCaseTests/Info.plist;
				LD_RUNPATH_SEARCH_PATHS = (
					"$(inherited)",
					"@executable_path/Frameworks",
					"@loader_path/Frameworks",
				);
				PRODUCT_BUNDLE_IDENTIFIER = rov.ViperStudyCaseTests;
				PRODUCT_NAME = "$(TARGET_NAME)";
				SWIFT_VERSION = 5.0;
				TARGETED_DEVICE_FAMILY = "1,2";
				TEST_HOST = "$(BUILT_PRODUCTS_DIR)/ViperStudyCase.app/ViperStudyCase";
			};
			name = Debug;
		};
		FE4ABF8E2296DB1B00B1F781 /* Release */ = {
			isa = XCBuildConfiguration;
			baseConfigurationReference = 6D4888A03101AB1791FE538E /* Pods-ViperStudyCaseTests.release.xcconfig */;
			buildSettings = {
				ALWAYS_EMBED_SWIFT_STANDARD_LIBRARIES = YES;
				BUNDLE_LOADER = "$(TEST_HOST)";
				CODE_SIGN_STYLE = Automatic;
				INFOPLIST_FILE = ViperStudyCaseTests/Info.plist;
				LD_RUNPATH_SEARCH_PATHS = (
					"$(inherited)",
					"@executable_path/Frameworks",
					"@loader_path/Frameworks",
				);
				PRODUCT_BUNDLE_IDENTIFIER = rov.ViperStudyCaseTests;
				PRODUCT_NAME = "$(TARGET_NAME)";
				SWIFT_VERSION = 5.0;
				TARGETED_DEVICE_FAMILY = "1,2";
				TEST_HOST = "$(BUILT_PRODUCTS_DIR)/ViperStudyCase.app/ViperStudyCase";
			};
			name = Release;
		};
		FE4ABF902296DB1B00B1F781 /* Debug */ = {
			isa = XCBuildConfiguration;
			baseConfigurationReference = EEBAC6D2E9AF3315015FAE2E /* Pods-ViperStudyCaseUITests.debug.xcconfig */;
			buildSettings = {
				ALWAYS_EMBED_SWIFT_STANDARD_LIBRARIES = YES;
				CODE_SIGN_STYLE = Automatic;
				INFOPLIST_FILE = ViperStudyCaseUITests/Info.plist;
				LD_RUNPATH_SEARCH_PATHS = (
					"$(inherited)",
					"@executable_path/Frameworks",
					"@loader_path/Frameworks",
				);
				PRODUCT_BUNDLE_IDENTIFIER = rov.ViperStudyCaseUITests;
				PRODUCT_NAME = "$(TARGET_NAME)";
				SWIFT_VERSION = 5.0;
				TARGETED_DEVICE_FAMILY = "1,2";
				TEST_TARGET_NAME = ViperStudyCase;
			};
			name = Debug;
		};
		FE4ABF912296DB1B00B1F781 /* Release */ = {
			isa = XCBuildConfiguration;
			baseConfigurationReference = 57FE9E2EB6BE7BFDECD77881 /* Pods-ViperStudyCaseUITests.release.xcconfig */;
			buildSettings = {
				ALWAYS_EMBED_SWIFT_STANDARD_LIBRARIES = YES;
				CODE_SIGN_STYLE = Automatic;
				INFOPLIST_FILE = ViperStudyCaseUITests/Info.plist;
				LD_RUNPATH_SEARCH_PATHS = (
					"$(inherited)",
					"@executable_path/Frameworks",
					"@loader_path/Frameworks",
				);
				PRODUCT_BUNDLE_IDENTIFIER = rov.ViperStudyCaseUITests;
				PRODUCT_NAME = "$(TARGET_NAME)";
				SWIFT_VERSION = 5.0;
				TARGETED_DEVICE_FAMILY = "1,2";
				TEST_TARGET_NAME = ViperStudyCase;
			};
			name = Release;
		};
/* End XCBuildConfiguration section */

/* Begin XCConfigurationList section */
		FE4ABF5C2296DB1A00B1F781 /* Build configuration list for PBXProject "ViperStudyCase" */ = {
			isa = XCConfigurationList;
			buildConfigurations = (
				FE4ABF872296DB1B00B1F781 /* Debug */,
				FE4ABF882296DB1B00B1F781 /* Release */,
			);
			defaultConfigurationIsVisible = 0;
			defaultConfigurationName = Release;
		};
		FE4ABF892296DB1B00B1F781 /* Build configuration list for PBXNativeTarget "ViperStudyCase" */ = {
			isa = XCConfigurationList;
			buildConfigurations = (
				FE4ABF8A2296DB1B00B1F781 /* Debug */,
				FE4ABF8B2296DB1B00B1F781 /* Release */,
			);
			defaultConfigurationIsVisible = 0;
			defaultConfigurationName = Release;
		};
		FE4ABF8C2296DB1B00B1F781 /* Build configuration list for PBXNativeTarget "ViperStudyCaseTests" */ = {
			isa = XCConfigurationList;
			buildConfigurations = (
				FE4ABF8D2296DB1B00B1F781 /* Debug */,
				FE4ABF8E2296DB1B00B1F781 /* Release */,
			);
			defaultConfigurationIsVisible = 0;
			defaultConfigurationName = Release;
		};
		FE4ABF8F2296DB1B00B1F781 /* Build configuration list for PBXNativeTarget "ViperStudyCaseUITests" */ = {
			isa = XCConfigurationList;
			buildConfigurations = (
				FE4ABF902296DB1B00B1F781 /* Debug */,
				FE4ABF912296DB1B00B1F781 /* Release */,
			);
			defaultConfigurationIsVisible = 0;
			defaultConfigurationName = Release;
		};
/* End XCConfigurationList section */
	};
	rootObject = FE4ABF592296DB1A00B1F781 /* Project object */;
}
